# This file is autogenerated, do not edit; changes may be undone by the next 'dep ensure'.


[[projects]]
  name = "github.com/ant0ine/go-json-rest"
  packages = ["rest","rest/trie"]
  revision = "ce4b71cdf7ba29ef443d704bd923f5bbf281ee30"
  version = "v3.3.2"

[solve-meta]
  analyzer-name = "dep"
  analyzer-version = 1
  inputs-digest = "41e7f107183c8b8f8aa0cc9855a89de82f89297414f706082ca681abd5f855eb"
  solver-name = "gps-cdcl"
  solver-version = 1
